
Microsoft Visual Studio Solution File, Format Version 12.00
# Visual Studio 15
VisualStudioVersion = 15.0.28307.902
MinimumVisualStudioVersion = 10.0.40219.1
Project("{FAE04EC0-301F-11D3-BF4B-00C04F79EFBC}") = "WebApiProyecto3", "WebApiProyecto3\WebApiProyecto3.csproj", "{F0708322-7BF5-462F-B086-0EE6C9D72865}"
EndProject
Global
	GlobalSection(SolutionConfigurationPlatforms) = preSolution
		Debug|Any CPU = Debug|Any CPU
		Release|Any CPU = Release|Any CPU
	EndGlobalSection
	GlobalSection(ProjectConfigurationPlatforms) = postSolution
		{F0708322-7BF5-462F-B086-0EE6C9D72865}.Debug|Any CPU.ActiveCfg = Debug|Any CPU
		{F0708322-7BF5-462F-B086-0EE6C9D72865}.Debug|Any CPU.Build.0 = Debug|Any CPU
		{F0708322-7BF5-462F-B086-0EE6C9D72865}.Release|Any CPU.ActiveCfg = Release|Any CPU
		{F0708322-7BF5-462F-B086-0EE6C9D72865}.Release|Any CPU.Build.0 = Release|Any CPU
	EndGlobalSection
	GlobalSection(SolutionProperties) = preSolution
		HideSolutionNode = FALSE
	EndGlobalSection
	GlobalSection(ExtensibilityGlobals) = postSolution
		SolutionGuid = {B0C8E39B-46C0-40F0-84C0-CC1264BBDB0C}
	EndGlobalSection
EndGlobal
